// !$*UTF8*$!
{
	archiveVersion = 1;
	classes = {
	};
	objectVersion = 56;
	objects = {

/* Begin PBXBuildFile section */
		CC033CFA2AE4F45600F7227D /* coffeeMastersApp.swift in Sources */ = {isa = PBXBuildFile; fileRef = CC033CF92AE4F45600F7227D /* coffeeMastersApp.swift */; };
		CC033CFC2AE4F45600F7227D /* ContentView.swift in Sources */ = {isa = PBXBuildFile; fileRef = CC033CFB2AE4F45600F7227D /* ContentView.swift */; };
		CC033CFE2AE4F45900F7227D /* Assets.xcassets in Resources */ = {isa = PBXBuildFile; fileRef = CC033CFD2AE4F45900F7227D /* Assets.xcassets */; };
		CC033D012AE4F45900F7227D /* Preview Assets.xcassets in Resources */ = {isa = PBXBuildFile; fileRef = CC033D002AE4F45900F7227D /* Preview Assets.xcassets */; };
		CC2D6F282AE67422007E9A3A /* OffersPage.swift in Sources */ = {isa = PBXBuildFile; fileRef = CC2D6F272AE67422007E9A3A /* OffersPage.swift */; };
		CC2D6F2A2AE67434007E9A3A /* HomePage.swift in Sources */ = {isa = PBXBuildFile; fileRef = CC2D6F292AE67434007E9A3A /* HomePage.swift */; };
		CC2D6F2C2AE67450007E9A3A /* OrdersPage.swift in Sources */ = {isa = PBXBuildFile; fileRef = CC2D6F2B2AE67450007E9A3A /* OrdersPage.swift */; };
		CC2D6F2E2AE67466007E9A3A /* InfoPage.swift in Sources */ = {isa = PBXBuildFile; fileRef = CC2D6F2D2AE67466007E9A3A /* InfoPage.swift */; };
		CC2D6F302AE674B8007E9A3A /* Offer.swift in Sources */ = {isa = PBXBuildFile; fileRef = CC2D6F2F2AE674B8007E9A3A /* Offer.swift */; };
		CC2D6F322AE67E1B007E9A3A /* Product.swift in Sources */ = {isa = PBXBuildFile; fileRef = CC2D6F312AE67E1A007E9A3A /* Product.swift */; };
		CC2D6F342AE6818E007E9A3A /* DetailsPage.swift in Sources */ = {isa = PBXBuildFile; fileRef = CC2D6F332AE6818E007E9A3A /* DetailsPage.swift */; };
/* End PBXBuildFile section */

/* Begin PBXFileReference section */
		CC033CF62AE4F45600F7227D /* coffeeMasters.app */ = {isa = PBXFileReference; explicitFileType = wrapper.application; includeInIndex = 0; path = coffeeMasters.app; sourceTree = BUILT_PRODUCTS_DIR; };
		CC033CF92AE4F45600F7227D /* coffeeMastersApp.swift */ = {isa = PBXFileReference; lastKnownFileType = sourcecode.swift; path = coffeeMastersApp.swift; sourceTree = "<group>"; };
		CC033CFB2AE4F45600F7227D /* ContentView.swift */ = {isa = PBXFileReference; lastKnownFileType = sourcecode.swift; path = ContentView.swift; sourceTree = "<group>"; };
		CC033CFD2AE4F45900F7227D /* Assets.xcassets */ = {isa = PBXFileReference; lastKnownFileType = folder.assetcatalog; path = Assets.xcassets; sourceTree = "<group>"; };
		CC033D002AE4F45900F7227D /* Preview Assets.xcassets */ = {isa = PBXFileReference; lastKnownFileType = folder.assetcatalog; path = "Preview Assets.xcassets"; sourceTree = "<group>"; };
		CC2D6F272AE67422007E9A3A /* OffersPage.swift */ = {isa = PBXFileReference; lastKnownFileType = sourcecode.swift; path = OffersPage.swift; sourceTree = "<group>"; };
		CC2D6F292AE67434007E9A3A /* HomePage.swift */ = {isa = PBXFileReference; lastKnownFileType = sourcecode.swift; path = HomePage.swift; sourceTree = "<group>"; };
		CC2D6F2B2AE67450007E9A3A /* OrdersPage.swift */ = {isa = PBXFileReference; lastKnownFileType = sourcecode.swift; path = OrdersPage.swift; sourceTree = "<group>"; };
		CC2D6F2D2AE67466007E9A3A /* InfoPage.swift */ = {isa = PBXFileReference; lastKnownFileType = sourcecode.swift; path = InfoPage.swift; sourceTree = "<group>"; };
		CC2D6F2F2AE674B8007E9A3A /* Offer.swift */ = {isa = PBXFileReference; lastKnownFileType = sourcecode.swift; path = Offer.swift; sourceTree = "<group>"; };
		CC2D6F312AE67E1A007E9A3A /* Product.swift */ = {isa = PBXFileReference; lastKnownFileType = sourcecode.swift; path = Product.swift; sourceTree = "<group>"; };
		CC2D6F332AE6818E007E9A3A /* DetailsPage.swift */ = {isa = PBXFileReference; lastKnownFileType = sourcecode.swift; path = DetailsPage.swift; sourceTree = "<group>"; };
/* End PBXFileReference section */

/* Begin PBXFrameworksBuildPhase section */
		CC033CF32AE4F45600F7227D /* Frameworks */ = {
			isa = PBXFrameworksBuildPhase;
			buildActionMask = 2147483647;
			files = (
			);
			runOnlyForDeploymentPostprocessing = 0;
		};
/* End PBXFrameworksBuildPhase section */

/* Begin PBXGroup section */
		CC033CED2AE4F45600F7227D = {
			isa = PBXGroup;
			children = (
				CC033CF82AE4F45600F7227D /* coffeeMasters */,
				CC033CF72AE4F45600F7227D /* Products */,
			);
			sourceTree = "<group>";
		};
		CC033CF72AE4F45600F7227D /* Products */ = {
			isa = PBXGroup;
			children = (
				CC033CF62AE4F45600F7227D /* coffeeMasters.app */,
			);
			name = Products;
			sourceTree = "<group>";
		};
		CC033CF82AE4F45600F7227D /* coffeeMasters */ = {
			isa = PBXGroup;
			children = (
				CC2D6F252AE673E7007E9A3A /* pages */,
				CC2D6F262AE673F1007E9A3A /* views */,
				CC033CF92AE4F45600F7227D /* coffeeMastersApp.swift */,
				CC033CFB2AE4F45600F7227D /* ContentView.swift */,
				CC033CFD2AE4F45900F7227D /* Assets.xcassets */,
				CC033CFF2AE4F45900F7227D /* Preview Content */,
			);
			path = coffeeMasters;
			sourceTree = "<group>";
		};
		CC033CFF2AE4F45900F7227D /* Preview Content */ = {
			isa = PBXGroup;
			children = (
				CC033D002AE4F45900F7227D /* Preview Assets.xcassets */,
			);
			path = "Preview Content";
			sourceTree = "<group>";
		};
		CC2D6F252AE673E7007E9A3A /* pages */ = {
			isa = PBXGroup;
			children = (
				CC2D6F272AE67422007E9A3A /* OffersPage.swift */,
				CC2D6F292AE67434007E9A3A /* HomePage.swift */,
				CC2D6F332AE6818E007E9A3A /* DetailsPage.swift */,
				CC2D6F2B2AE67450007E9A3A /* OrdersPage.swift */,
				CC2D6F2D2AE67466007E9A3A /* InfoPage.swift */,
			);
			path = pages;
			sourceTree = "<group>";
		};
		CC2D6F262AE673F1007E9A3A /* views */ = {
			isa = PBXGroup;
			children = (
				CC2D6F2F2AE674B8007E9A3A /* Offer.swift */,
				CC2D6F312AE67E1A007E9A3A /* Product.swift */,
			);
			path = views;
			sourceTree = "<group>";
		};
/* End PBXGroup section */

/* Begin PBXNativeTarget section */
		CC033CF52AE4F45600F7227D /* coffeeMasters */ = {
			isa = PBXNativeTarget;
			buildConfigurationList = CC033D042AE4F45900F7227D /* Build configuration list for PBXNativeTarget "coffeeMasters" */;
			buildPhases = (
				CC033CF22AE4F45600F7227D /* Sources */,
				CC033CF32AE4F45600F7227D /* Frameworks */,
				CC033CF42AE4F45600F7227D /* Resources */,
			);
			buildRules = (
			);
			dependencies = (
			);
			name = coffeeMasters;
			productName = coffeeMasters;
			productReference = CC033CF62AE4F45600F7227D /* coffeeMasters.app */;
			productType = "com.apple.product-type.application";
		};
/* End PBXNativeTarget section */

/* Begin PBXProject section */
		CC033CEE2AE4F45600F7227D /* Project object */ = {
			isa = PBXProject;
			attributes = {
				BuildIndependentTargetsInParallel = 1;
				LastSwiftUpdateCheck = 1500;
				LastUpgradeCheck = 1500;
				TargetAttributes = {
					CC033CF52AE4F45600F7227D = {
						CreatedOnToolsVersion = 15.0;
					};
				};
			};
			buildConfigurationList = CC033CF12AE4F45600F7227D /* Build configuration list for PBXProject "coffeeMasters" */;
			compatibilityVersion = "Xcode 14.0";
			developmentRegion = en;
			hasScannedForEncodings = 0;
			knownRegions = (
				en,
				Base,
			);
			mainGroup = CC033CED2AE4F45600F7227D;
			productRefGroup = CC033CF72AE4F45600F7227D /* Products */;
			projectDirPath = "";
			projectRoot = "";
			targets = (
				CC033CF52AE4F45600F7227D /* coffeeMasters */,
			);
		};
/* End PBXProject section */

/* Begin PBXResourcesBuildPhase section */
		CC033CF42AE4F45600F7227D /* Resources */ = {
			isa = PBXResourcesBuildPhase;
			buildActionMask = 2147483647;
			files = (
				CC033D012AE4F45900F7227D /* Preview Assets.xcassets in Resources */,
				CC033CFE2AE4F45900F7227D /* Assets.xcassets in Resources */,
			);
			runOnlyForDeploymentPostprocessing = 0;
		};
/* End PBXResourcesBuildPhase section */

/* Begin PBXSourcesBuildPhase section */
		CC033CF22AE4F45600F7227D /* Sources */ = {
			isa = PBXSourcesBuildPhase;
			buildActionMask = 2147483647;
			files = (
				CC2D6F302AE674B8007E9A3A /* Offer.swift in Sources */,
				CC2D6F322AE67E1B007E9A3A /* Product.swift in Sources */,
				CC2D6F2C2AE67450007E9A3A /* OrdersPage.swift in Sources */,
				CC2D6F342AE6818E007E9A3A /* DetailsPage.swift in Sources */,
				CC033CFC2AE4F45600F7227D /* ContentView.swift in Sources */,
				CC2D6F2E2AE67466007E9A3A /* InfoPage.swift in Sources */,
				CC2D6F282AE67422007E9A3A /* OffersPage.swift in Sources */,
				CC033CFA2AE4F45600F7227D /* coffeeMastersApp.swift in Sources */,
				CC2D6F2A2AE67434007E9A3A /* HomePage.swift in Sources */,
			);
			runOnlyForDeploymentPostprocessing = 0;
		};
/* End PBXSourcesBuildPhase section */

/* Begin XCBuildConfiguration section */
		CC033D022AE4F45900F7227D /* Debug */ = {
			isa = XCBuildConfiguration;
			buildSettings = {
				ALWAYS_SEARCH_USER_PATHS = NO;
				ASSETCATALOG_COMPILER_GENERATE_SWIFT_ASSET_SYMBOL_EXTENSIONS = YES;
				CLANG_ANALYZER_NONNULL = YES;
				CLANG_ANALYZER_NUMBER_OBJECT_CONVERSION = YES_AGGRESSIVE;
				CLANG_CXX_LANGUAGE_STANDARD = "gnu++20";
				CLANG_ENABLE_MODULES = YES;
				CLANG_ENABLE_OBJC_ARC = YES;
				CLANG_ENABLE_OBJC_WEAK = YES;
				CLANG_WARN_BLOCK_CAPTURE_AUTORELEASING = YES;
				CLANG_WARN_BOOL_CONVERSION = YES;
				CLANG_WARN_COMMA = YES;
				CLANG_WARN_CONSTANT_CONVERSION = YES;
				CLANG_WARN_DEPRECATED_OBJC_IMPLEMENTATIONS = YES;
				CLANG_WARN_DIRECT_OBJC_ISA_USAGE = YES_ERROR;
				CLANG_WARN_DOCUMENTATION_COMMENTS = YES;
				CLANG_WARN_EMPTY_BODY = YES;
				CLANG_WARN_ENUM_CONVERSION = YES;
				CLANG_WARN_INFINITE_RECURSION = YES;
				CLANG_WARN_INT_CONVERSION = YES;
				CLANG_WARN_NON_LITERAL_NULL_CONVERSION = YES;
				CLANG_WARN_OBJC_IMPLICIT_RETAIN_SELF = YES;
				CLANG_WARN_OBJC_LITERAL_CONVERSION = YES;
				CLANG_WARN_OBJC_ROOT_CLASS = YES_ERROR;
				CLANG_WARN_QUOTED_INCLUDE_IN_FRAMEWORK_HEADER = YES;
				CLANG_WARN_RANGE_LOOP_ANALYSIS = YES;
				CLANG_WARN_STRICT_PROTOTYPES = YES;
				CLANG_WARN_SUSPICIOUS_MOVE = YES;
				CLANG_WARN_UNGUARDED_AVAILABILITY = YES_AGGRESSIVE;
				CLANG_WARN_UNREACHABLE_CODE = YES;
				CLANG_WARN__DUPLICATE_METHOD_MATCH = YES;
				COPY_PHASE_STRIP = NO;
				DEBUG_INFORMATION_FORMAT = dwarf;
				ENABLE_STRICT_OBJC_MSGSEND = YES;
				ENABLE_TESTABILITY = YES;
				ENABLE_USER_SCRIPT_SANDBOXING = YES;
				GCC_C_LANGUAGE_STANDARD = gnu17;
				GCC_DYNAMIC_NO_PIC = NO;
				GCC_NO_COMMON_BLOCKS = YES;
				GCC_OPTIMIZATION_LEVEL = 0;
				GCC_PREPROCESSOR_DEFINITIONS = (
					"DEBUG=1",
					"$(inherited)",
				);
				GCC_WARN_64_TO_32_BIT_CONVERSION = YES;
				GCC_WARN_ABOUT_RETURN_TYPE = YES_ERROR;
				GCC_WARN_UNDECLARED_SELECTOR = YES;
				GCC_WARN_UNINITIALIZED_AUTOS = YES_AGGRESSIVE;
				GCC_WARN_UNUSED_FUNCTION = YES;
				GCC_WARN_UNUSED_VARIABLE = YES;
				IPHONEOS_DEPLOYMENT_TARGET = 17.0;
				LOCALIZATION_PREFERS_STRING_CATALOGS = YES;
				MTL_ENABLE_DEBUG_INFO = INCLUDE_SOURCE;
				MTL_FAST_MATH = YES;
				ONLY_ACTIVE_ARCH = YES;
				SDKROOT = iphoneos;
				SWIFT_ACTIVE_COMPILATION_CONDITIONS = "DEBUG $(inherited)";
				SWIFT_OPTIMIZATION_LEVEL = "-Onone";
			};
			name = Debug;
		};
		CC033D032AE4F45900F7227D /* Release */ = {
			isa = XCBuildConfiguration;
			buildSettings = {
				ALWAYS_SEARCH_USER_PATHS = NO;
				ASSETCATALOG_COMPILER_GENERATE_SWIFT_ASSET_SYMBOL_EXTENSIONS = YES;
				CLANG_ANALYZER_NONNULL = YES;
				CLANG_ANALYZER_NUMBER_OBJECT_CONVERSION = YES_AGGRESSIVE;
				CLANG_CXX_LANGUAGE_STANDARD = "gnu++20";
				CLANG_ENABLE_MODULES = YES;
				CLANG_ENABLE_OBJC_ARC = YES;
				CLANG_ENABLE_OBJC_WEAK = YES;
				CLANG_WARN_BLOCK_CAPTURE_AUTORELEASING = YES;
				CLANG_WARN_BOOL_CONVERSION = YES;
				CLANG_WARN_COMMA = YES;
				CLANG_WARN_CONSTANT_CONVERSION = YES;
				CLANG_WARN_DEPRECATED_OBJC_IMPLEMENTATIONS = YES;
				CLANG_WARN_DIRECT_OBJC_ISA_USAGE = YES_ERROR;
				CLANG_WARN_DOCUMENTATION_COMMENTS = YES;
				CLANG_WARN_EMPTY_BODY = YES;
				CLANG_WARN_ENUM_CONVERSION = YES;
				CLANG_WARN_INFINITE_RECURSION = YES;
				CLANG_WARN_INT_CONVERSION = YES;
				CLANG_WARN_NON_LITERAL_NULL_CONVERSION = YES;
				CLANG_WARN_OBJC_IMPLICIT_RETAIN_SELF = YES;
				CLANG_WARN_OBJC_LITERAL_CONVERSION = YES;
				CLANG_WARN_OBJC_ROOT_CLASS = YES_ERROR;
				CLANG_WARN_QUOTED_INCLUDE_IN_FRAMEWORK_HEADER = YES;
				CLANG_WARN_RANGE_LOOP_ANALYSIS = YES;
				CLANG_WARN_STRICT_PROTOTYPES = YES;
				CLANG_WARN_SUSPICIOUS_MOVE = YES;
				CLANG_WARN_UNGUARDED_AVAILABILITY = YES_AGGRESSIVE;
				CLANG_WARN_UNREACHABLE_CODE = YES;
				CLANG_WARN__DUPLICATE_METHOD_MATCH = YES;
				COPY_PHASE_STRIP = NO;
				DEBUG_INFORMATION_FORMAT = "dwarf-with-dsym";
				ENABLE_NS_ASSERTIONS = NO;
				ENABLE_STRICT_OBJC_MSGSEND = YES;
				ENABLE_USER_SCRIPT_SANDBOXING = YES;
				GCC_C_LANGUAGE_STANDARD = gnu17;
				GCC_NO_COMMON_BLOCKS = YES;
				GCC_WARN_64_TO_32_BIT_CONVERSION = YES;
				GCC_WARN_ABOUT_RETURN_TYPE = YES_ERROR;
				GCC_WARN_UNDECLARED_SELECTOR = YES;
				GCC_WARN_UNINITIALIZED_AUTOS = YES_AGGRESSIVE;
				GCC_WARN_UNUSED_FUNCTION = YES;
				GCC_WARN_UNUSED_VARIABLE = YES;
				IPHONEOS_DEPLOYMENT_TARGET = 17.0;
				LOCALIZATION_PREFERS_STRING_CATALOGS = YES;
				MTL_ENABLE_DEBUG_INFO = NO;
				MTL_FAST_MATH = YES;
				SDKROOT = iphoneos;
				SWIFT_COMPILATION_MODE = wholemodule;
				VALIDATE_PRODUCT = YES;
			};
			name = Release;
		};
		CC033D052AE4F45900F7227D /* Debug */ = {
			isa = XCBuildConfiguration;
			buildSettings = {
				ASSETCATALOG_COMPILER_APPICON_NAME = AppIcon;
				ASSETCATALOG_COMPILER_GLOBAL_ACCENT_COLOR_NAME = AccentColor;
				CODE_SIGN_STYLE = Automatic;
				CURRENT_PROJECT_VERSION = 1;
				DEVELOPMENT_ASSET_PATHS = "\"coffeeMasters/Preview Content\"";
				DEVELOPMENT_TEAM = 26XBY34W9D;
				ENABLE_PREVIEWS = YES;
				GENERATE_INFOPLIST_FILE = YES;
				INFOPLIST_KEY_UIApplicationSceneManifest_Generation = YES;
				INFOPLIST_KEY_UIApplicationSupportsIndirectInputEvents = YES;
				INFOPLIST_KEY_UILaunchScreen_Generation = YES;
				INFOPLIST_KEY_UISupportedInterfaceOrientations_iPad = "UIInterfaceOrientationPortrait UIInterfaceOrientationPortraitUpsideDown UIInterfaceOrientationLandscapeLeft UIInterfaceOrientationLandscapeRight";
				INFOPLIST_KEY_UISupportedInterfaceOrientations_iPhone = "UIInterfaceOrientationPortrait UIInterfaceOrientationLandscapeLeft UIInterfaceOrientationLandscapeRight";
				LD_RUNPATH_SEARCH_PATHS = (
					"$(inherited)",
					"@executable_path/Frameworks",
				);
				MARKETING_VERSION = 1.0;
				PRODUCT_BUNDLE_IDENTIFIER = com.bongohive.chomba.coffeeMasters;
				PRODUCT_NAME = "$(TARGET_NAME)";
				SWIFT_EMIT_LOC_STRINGS = YES;
				SWIFT_VERSION = 5.0;
				TARGETED_DEVICE_FAMILY = "1,2";
			};
			name = Debug;
		};
		CC033D062AE4F45900F7227D /* Release */ = {
			isa = XCBuildConfiguration;
			buildSettings = {
				ASSETCATALOG_COMPILER_APPICON_NAME = AppIcon;
				ASSETCATALOG_COMPILER_GLOBAL_ACCENT_COLOR_NAME = AccentColor;
				CODE_SIGN_STYLE = Automatic;
				CURRENT_PROJECT_VERSION = 1;
				DEVELOPMENT_ASSET_PATHS = "\"coffeeMasters/Preview Content\"";
				DEVELOPMENT_TEAM = 26XBY34W9D;
				ENABLE_PREVIEWS = YES;
				GENERATE_INFOPLIST_FILE = YES;
				INFOPLIST_KEY_UIApplicationSceneManifest_Generation = YES;
				INFOPLIST_KEY_UIApplicationSupportsIndirectInputEvents = YES;
				INFOPLIST_KEY_UILaunchScreen_Generation = YES;
				INFOPLIST_KEY_UISupportedInterfaceOrientations_iPad = "UIInterfaceOrientationPortrait UIInterfaceOrientationPortraitUpsideDown UIInterfaceOrientationLandscapeLeft UIInterfaceOrientationLandscapeRight";
				INFOPLIST_KEY_UISupportedInterfaceOrientations_iPhone = "UIInterfaceOrientationPortrait UIInterfaceOrientationLandscapeLeft UIInterfaceOrientationLandscapeRight";
				LD_RUNPATH_SEARCH_PATHS = (
					"$(inherited)",
					"@executable_path/Frameworks",
				);
				MARKETING_VERSION = 1.0;
				PRODUCT_BUNDLE_IDENTIFIER = com.bongohive.chomba.coffeeMasters;
				PRODUCT_NAME = "$(TARGET_NAME)";
				SWIFT_EMIT_LOC_STRINGS = YES;
				SWIFT_VERSION = 5.0;
				TARGETED_DEVICE_FAMILY = "1,2";
			};
			name = Release;
		};
/* End XCBuildConfiguration section */

/* Begin XCConfigurationList section */
		CC033CF12AE4F45600F7227D /* Build configuration list for PBXProject "coffeeMasters" */ = {
			isa = XCConfigurationList;
			buildConfigurations = (
				CC033D022AE4F45900F7227D /* Debug */,
				CC033D032AE4F45900F7227D /* Release */,
			);
			defaultConfigurationIsVisible = 0;
			defaultConfigurationName = Release;
		};
		CC033D042AE4F45900F7227D /* Build configuration list for PBXNativeTarget "coffeeMasters" */ = {
			isa = XCConfigurationList;
			buildConfigurations = (
				CC033D052AE4F45900F7227D /* Debug */,
				CC033D062AE4F45900F7227D /* Release */,
			);
			defaultConfigurationIsVisible = 0;
			defaultConfigurationName = Release;
		};
/* End XCConfigurationList section */
	};
	rootObject = CC033CEE2AE4F45600F7227D /* Project object */;
}
